
Microsoft Visual Studio Solution File, Format Version 12.00
Project("{2150E333-8FDC-42A3-9474-1A3956D46DE8}") = "src", "src", "{565BE392-DFE1-40D2-9961-802AAAEDE7B7}"
EndProject
Project("{2150E333-8FDC-42A3-9474-1A3956D46DE8}") = "Shared", "Shared", "{1AE53C94-27AA-4FB4-92B5-12A2E7BADD30}"
EndProject
Project("{2150E333-8FDC-42A3-9474-1A3956D46DE8}") = "Modules", "Modules", "{2573C985-8A4E-4F63-8657-DC5827777941}"
EndProject
Project("{2150E333-8FDC-42A3-9474-1A3956D46DE8}") = "Bootstrapper", "Bootstrapper", "{27283E71-1B54-412A-B9A8-DF951CE1EBB0}"
EndProject
Project("{FAE04EC0-301F-11D3-BF4B-00C04F79EFBC}") = "GlassyCode.ToDo.Bootstrapper", "GlassyCode.ToDo.Bootstrapper\GlassyCode.ToDo.Bootstrapper.csproj", "{83D2F98A-827E-4C46-84F4-336B03FECA29}"
	ProjectSection(ProjectDependencies) = postProject
		{93CAC1F9-F7FD-42B8-8A7E-866218666684} = {93CAC1F9-F7FD-42B8-8A7E-866218666684}
		{686BF2C6-7FDF-4D9A-B166-80B132B18F86} = {686BF2C6-7FDF-4D9A-B166-80B132B18F86}
	EndProjectSection
EndProject
Project("{2150E333-8FDC-42A3-9474-1A3956D46DE8}") = "Tasks", "Tasks", "{69D728A5-4C48-4080-89FE-8312450C7436}"
EndProject
Project("{2150E333-8FDC-42A3-9474-1A3956D46DE8}") = "Users", "Users", "{FC2D0FDA-AE4E-46DC-8D03-CEC0203244C3}"
EndProject
Project("{FAE04EC0-301F-11D3-BF4B-00C04F79EFBC}") = "GlassyCode.ToDo.Shared.Abstractions", "GlassyCode.ToDo.Shared.Abstractions\GlassyCode.ToDo.Shared.Abstractions.csproj", "{686BF2C6-7FDF-4D9A-B166-80B132B18F86}"
EndProject
Project("{FAE04EC0-301F-11D3-BF4B-00C04F79EFBC}") = "GlassyCode.ToDo.Shared.Infrastructure", "GlassyCode.ToDo.Shared.Infrastructure\GlassyCode.ToDo.Shared.Infrastructure.csproj", "{93CAC1F9-F7FD-42B8-8A7E-866218666684}"
EndProject
Project("{2150E333-8FDC-42A3-9474-1A3956D46DE8}") = "Tests", "Tests", "{E25D35C5-0A30-4B60-B7FA-D576C4BE9D83}"
EndProject
Project("{FAE04EC0-301F-11D3-BF4B-00C04F79EFBC}") = "GlassyCode.ToDo.Modules.Users.Api", "GlassyCode.ToDo.Modules.Users.Api\GlassyCode.ToDo.Modules.Users.Api.csproj", "{C5C5561B-368F-45B9-BF9E-DE576EE84665}"
EndProject
Project("{FAE04EC0-301F-11D3-BF4B-00C04F79EFBC}") = "GlassyCode.ToDo.Modules.Users.Core", "GlassyCode.ToDo.Modules.Users.Core\GlassyCode.ToDo.Modules.Users.Core.csproj", "{02801023-17FF-4937-9BE7-75FEA6F1D8B3}"
EndProject
Project("{FAE04EC0-301F-11D3-BF4B-00C04F79EFBC}") = "GlassyCode.ToDo.Modules.Tasks.Api", "GlassyCode.ToDo.Modules.Tasks.Api\GlassyCode.ToDo.Modules.Tasks.Api.csproj", "{BE81486F-3344-47B2-957C-93C23DFB9C22}"
EndProject
Project("{FAE04EC0-301F-11D3-BF4B-00C04F79EFBC}") = "GlassyCode.ToDo.Modules.Tasks.Core", "GlassyCode.ToDo.Modules.Tasks.Core\GlassyCode.ToDo.Modules.Tasks.Core.csproj", "{E8410124-BC6E-4AA0-ACCE-008BE565A93E}"
EndProject
Project("{FAE04EC0-301F-11D3-BF4B-00C04F79EFBC}") = "GlassyCode.ToDo.Shared.FunctionalTests", "GlassyCode.ToDo.Shared.FunctionalTests\GlassyCode.ToDo.Shared.FunctionalTests.csproj", "{1800304C-19F9-4BA9-8EE4-F762D802F052}"
EndProject
Project("{FAE04EC0-301F-11D3-BF4B-00C04F79EFBC}") = "GlassyCode.ToDo.Shared.IntegrationTests", "GlassyCode.ToDo.Shared.IntegrationTests\GlassyCode.ToDo.Shared.IntegrationTests.csproj", "{EB0EB4D6-A8BB-4315-8919-BA4263063831}"
EndProject
Project("{FAE04EC0-301F-11D3-BF4B-00C04F79EFBC}") = "GlassyCode.ToDo.Shared.UnitTests", "GlassyCode.ToDo.Shared.UnitTests\GlassyCode.ToDo.Shared.UnitTests.csproj", "{F4FA4FAB-DBA0-4CF1-BC8A-E8796EAEAF79}"
EndProject
Global
	GlobalSection(SolutionConfigurationPlatforms) = preSolution
		Debug|Any CPU = Debug|Any CPU
		Release|Any CPU = Release|Any CPU
	EndGlobalSection
	GlobalSection(ProjectConfigurationPlatforms) = postSolution
		{83D2F98A-827E-4C46-84F4-336B03FECA29}.Debug|Any CPU.ActiveCfg = Debug|Any CPU
		{83D2F98A-827E-4C46-84F4-336B03FECA29}.Debug|Any CPU.Build.0 = Debug|Any CPU
		{83D2F98A-827E-4C46-84F4-336B03FECA29}.Release|Any CPU.ActiveCfg = Release|Any CPU
		{83D2F98A-827E-4C46-84F4-336B03FECA29}.Release|Any CPU.Build.0 = Release|Any CPU
		{686BF2C6-7FDF-4D9A-B166-80B132B18F86}.Debug|Any CPU.ActiveCfg = Debug|Any CPU
		{686BF2C6-7FDF-4D9A-B166-80B132B18F86}.Debug|Any CPU.Build.0 = Debug|Any CPU
		{686BF2C6-7FDF-4D9A-B166-80B132B18F86}.Release|Any CPU.ActiveCfg = Release|Any CPU
		{686BF2C6-7FDF-4D9A-B166-80B132B18F86}.Release|Any CPU.Build.0 = Release|Any CPU
		{93CAC1F9-F7FD-42B8-8A7E-866218666684}.Debug|Any CPU.ActiveCfg = Debug|Any CPU
		{93CAC1F9-F7FD-42B8-8A7E-866218666684}.Debug|Any CPU.Build.0 = Debug|Any CPU
		{93CAC1F9-F7FD-42B8-8A7E-866218666684}.Release|Any CPU.ActiveCfg = Release|Any CPU
		{93CAC1F9-F7FD-42B8-8A7E-866218666684}.Release|Any CPU.Build.0 = Release|Any CPU
		{C5C5561B-368F-45B9-BF9E-DE576EE84665}.Debug|Any CPU.ActiveCfg = Debug|Any CPU
		{C5C5561B-368F-45B9-BF9E-DE576EE84665}.Debug|Any CPU.Build.0 = Debug|Any CPU
		{C5C5561B-368F-45B9-BF9E-DE576EE84665}.Release|Any CPU.ActiveCfg = Release|Any CPU
		{C5C5561B-368F-45B9-BF9E-DE576EE84665}.Release|Any CPU.Build.0 = Release|Any CPU
		{02801023-17FF-4937-9BE7-75FEA6F1D8B3}.Debug|Any CPU.ActiveCfg = Debug|Any CPU
		{02801023-17FF-4937-9BE7-75FEA6F1D8B3}.Debug|Any CPU.Build.0 = Debug|Any CPU
		{02801023-17FF-4937-9BE7-75FEA6F1D8B3}.Release|Any CPU.ActiveCfg = Release|Any CPU
		{02801023-17FF-4937-9BE7-75FEA6F1D8B3}.Release|Any CPU.Build.0 = Release|Any CPU
		{BE81486F-3344-47B2-957C-93C23DFB9C22}.Debug|Any CPU.ActiveCfg = Debug|Any CPU
		{BE81486F-3344-47B2-957C-93C23DFB9C22}.Debug|Any CPU.Build.0 = Debug|Any CPU
		{BE81486F-3344-47B2-957C-93C23DFB9C22}.Release|Any CPU.ActiveCfg = Release|Any CPU
		{BE81486F-3344-47B2-957C-93C23DFB9C22}.Release|Any CPU.Build.0 = Release|Any CPU
		{E8410124-BC6E-4AA0-ACCE-008BE565A93E}.Debug|Any CPU.ActiveCfg = Debug|Any CPU
		{E8410124-BC6E-4AA0-ACCE-008BE565A93E}.Debug|Any CPU.Build.0 = Debug|Any CPU
		{E8410124-BC6E-4AA0-ACCE-008BE565A93E}.Release|Any CPU.ActiveCfg = Release|Any CPU
		{E8410124-BC6E-4AA0-ACCE-008BE565A93E}.Release|Any CPU.Build.0 = Release|Any CPU
		{1800304C-19F9-4BA9-8EE4-F762D802F052}.Debug|Any CPU.ActiveCfg = Debug|Any CPU
		{1800304C-19F9-4BA9-8EE4-F762D802F052}.Debug|Any CPU.Build.0 = Debug|Any CPU
		{1800304C-19F9-4BA9-8EE4-F762D802F052}.Release|Any CPU.ActiveCfg = Release|Any CPU
		{1800304C-19F9-4BA9-8EE4-F762D802F052}.Release|Any CPU.Build.0 = Release|Any CPU
		{EB0EB4D6-A8BB-4315-8919-BA4263063831}.Debug|Any CPU.ActiveCfg = Debug|Any CPU
		{EB0EB4D6-A8BB-4315-8919-BA4263063831}.Debug|Any CPU.Build.0 = Debug|Any CPU
		{EB0EB4D6-A8BB-4315-8919-BA4263063831}.Release|Any CPU.ActiveCfg = Release|Any CPU
		{EB0EB4D6-A8BB-4315-8919-BA4263063831}.Release|Any CPU.Build.0 = Release|Any CPU
		{F4FA4FAB-DBA0-4CF1-BC8A-E8796EAEAF79}.Debug|Any CPU.ActiveCfg = Debug|Any CPU
		{F4FA4FAB-DBA0-4CF1-BC8A-E8796EAEAF79}.Debug|Any CPU.Build.0 = Debug|Any CPU
		{F4FA4FAB-DBA0-4CF1-BC8A-E8796EAEAF79}.Release|Any CPU.ActiveCfg = Release|Any CPU
		{F4FA4FAB-DBA0-4CF1-BC8A-E8796EAEAF79}.Release|Any CPU.Build.0 = Release|Any CPU
	EndGlobalSection
	GlobalSection(NestedProjects) = preSolution
		{1AE53C94-27AA-4FB4-92B5-12A2E7BADD30} = {565BE392-DFE1-40D2-9961-802AAAEDE7B7}
		{2573C985-8A4E-4F63-8657-DC5827777941} = {565BE392-DFE1-40D2-9961-802AAAEDE7B7}
		{27283E71-1B54-412A-B9A8-DF951CE1EBB0} = {565BE392-DFE1-40D2-9961-802AAAEDE7B7}
		{83D2F98A-827E-4C46-84F4-336B03FECA29} = {27283E71-1B54-412A-B9A8-DF951CE1EBB0}
		{69D728A5-4C48-4080-89FE-8312450C7436} = {2573C985-8A4E-4F63-8657-DC5827777941}
		{FC2D0FDA-AE4E-46DC-8D03-CEC0203244C3} = {2573C985-8A4E-4F63-8657-DC5827777941}
		{686BF2C6-7FDF-4D9A-B166-80B132B18F86} = {1AE53C94-27AA-4FB4-92B5-12A2E7BADD30}
		{93CAC1F9-F7FD-42B8-8A7E-866218666684} = {1AE53C94-27AA-4FB4-92B5-12A2E7BADD30}
		{E25D35C5-0A30-4B60-B7FA-D576C4BE9D83} = {1AE53C94-27AA-4FB4-92B5-12A2E7BADD30}
		{C5C5561B-368F-45B9-BF9E-DE576EE84665} = {FC2D0FDA-AE4E-46DC-8D03-CEC0203244C3}
		{02801023-17FF-4937-9BE7-75FEA6F1D8B3} = {FC2D0FDA-AE4E-46DC-8D03-CEC0203244C3}
		{BE81486F-3344-47B2-957C-93C23DFB9C22} = {69D728A5-4C48-4080-89FE-8312450C7436}
		{E8410124-BC6E-4AA0-ACCE-008BE565A93E} = {69D728A5-4C48-4080-89FE-8312450C7436}
		{1800304C-19F9-4BA9-8EE4-F762D802F052} = {E25D35C5-0A30-4B60-B7FA-D576C4BE9D83}
		{EB0EB4D6-A8BB-4315-8919-BA4263063831} = {E25D35C5-0A30-4B60-B7FA-D576C4BE9D83}
		{F4FA4FAB-DBA0-4CF1-BC8A-E8796EAEAF79} = {E25D35C5-0A30-4B60-B7FA-D576C4BE9D83}
	EndGlobalSection
EndGlobal
