
Microsoft Visual Studio Solution File, Format Version 12.00
Project("{FAE04EC0-301F-11D3-BF4B-00C04F79EFBC}") = "TodoApp.API", "TodoApp.API\TodoApp.API.csproj", "{0F557177-D26D-42A4-BF56-C0282289A1E4}"
EndProject
Project("{2150E333-8FDC-42A3-9474-1A3956D46DE8}") = "Src", "Src", "{79A819E0-1B53-4FC7-ADF1-843439C6E576}"
EndProject
Project("{2150E333-8FDC-42A3-9474-1A3956D46DE8}") = "Tests", "Tests", "{BAFC1540-4C0A-4893-9B5E-FE944B026F76}"
EndProject
Project("{FAE04EC0-301F-11D3-BF4B-00C04F79EFBC}") = "TodoApp.API.Tests.UnitTests", "TodoApp.API.Tests.UnitTests\TodoApp.API.Tests.UnitTests.csproj", "{1B4E2291-82F4-4C8B-AAF6-CD8881111EE4}"
EndProject
Project("{FAE04EC0-301F-11D3-BF4B-00C04F79EFBC}") = "TodoApp.API.Tests.IntegrationTests", "TodoApp.API.Tests.IntegrationTests\TodoApp.API.Tests.IntegrationTests.csproj", "{1BC40E3C-E686-45D5-9DBD-3F5745BFABE2}"
EndProject
Project("{FAE04EC0-301F-11D3-BF4B-00C04F79EFBC}") = "TodoApp.API.Tests.FunctionalTests", "TodoApp.API.Tests.FunctionalTests\TodoApp.API.Tests.FunctionalTests.csproj", "{C5BDC0C4-B229-48BF-9BA8-456C08889398}"
EndProject
Global
	GlobalSection(SolutionConfigurationPlatforms) = preSolution
		Debug|Any CPU = Debug|Any CPU
		Release|Any CPU = Release|Any CPU
	EndGlobalSection
	GlobalSection(ProjectConfigurationPlatforms) = postSolution
		{0F557177-D26D-42A4-BF56-C0282289A1E4}.Debug|Any CPU.ActiveCfg = Debug|Any CPU
		{0F557177-D26D-42A4-BF56-C0282289A1E4}.Debug|Any CPU.Build.0 = Debug|Any CPU
		{0F557177-D26D-42A4-BF56-C0282289A1E4}.Release|Any CPU.ActiveCfg = Release|Any CPU
		{0F557177-D26D-42A4-BF56-C0282289A1E4}.Release|Any CPU.Build.0 = Release|Any CPU
		{1B4E2291-82F4-4C8B-AAF6-CD8881111EE4}.Debug|Any CPU.ActiveCfg = Debug|Any CPU
		{1B4E2291-82F4-4C8B-AAF6-CD8881111EE4}.Debug|Any CPU.Build.0 = Debug|Any CPU
		{1B4E2291-82F4-4C8B-AAF6-CD8881111EE4}.Release|Any CPU.ActiveCfg = Release|Any CPU
		{1B4E2291-82F4-4C8B-AAF6-CD8881111EE4}.Release|Any CPU.Build.0 = Release|Any CPU
		{1BC40E3C-E686-45D5-9DBD-3F5745BFABE2}.Debug|Any CPU.ActiveCfg = Debug|Any CPU
		{1BC40E3C-E686-45D5-9DBD-3F5745BFABE2}.Debug|Any CPU.Build.0 = Debug|Any CPU
		{1BC40E3C-E686-45D5-9DBD-3F5745BFABE2}.Release|Any CPU.ActiveCfg = Release|Any CPU
		{1BC40E3C-E686-45D5-9DBD-3F5745BFABE2}.Release|Any CPU.Build.0 = Release|Any CPU
		{C5BDC0C4-B229-48BF-9BA8-456C08889398}.Debug|Any CPU.ActiveCfg = Debug|Any CPU
		{C5BDC0C4-B229-48BF-9BA8-456C08889398}.Debug|Any CPU.Build.0 = Debug|Any CPU
		{C5BDC0C4-B229-48BF-9BA8-456C08889398}.Release|Any CPU.ActiveCfg = Release|Any CPU
		{C5BDC0C4-B229-48BF-9BA8-456C08889398}.Release|Any CPU.Build.0 = Release|Any CPU
	EndGlobalSection
	GlobalSection(NestedProjects) = preSolution
		{0F557177-D26D-42A4-BF56-C0282289A1E4} = {79A819E0-1B53-4FC7-ADF1-843439C6E576}
		{1B4E2291-82F4-4C8B-AAF6-CD8881111EE4} = {BAFC1540-4C0A-4893-9B5E-FE944B026F76}
		{1BC40E3C-E686-45D5-9DBD-3F5745BFABE2} = {BAFC1540-4C0A-4893-9B5E-FE944B026F76}
		{C5BDC0C4-B229-48BF-9BA8-456C08889398} = {BAFC1540-4C0A-4893-9B5E-FE944B026F76}
	EndGlobalSection
EndGlobal
